
Microsoft Visual Studio Solution File, Format Version 12.00
Project("{FAE04EC0-301F-11D3-BF4B-00C04F79EFBC}") = "CalcutatorWBugs", "CalcutatorWBugs\CalcutatorWBugs.csproj", "{F8696B19-AB75-4F94-8643-F39B90FEDD83}"
EndProject
Global
	GlobalSection(SolutionConfigurationPlatforms) = preSolution
		Debug|Any CPU = Debug|Any CPU
		Release|Any CPU = Release|Any CPU
	EndGlobalSection
	GlobalSection(ProjectConfigurationPlatforms) = postSolution
		{F8696B19-AB75-4F94-8643-F39B90FEDD83}.Debug|Any CPU.ActiveCfg = Debug|Any CPU
		{F8696B19-AB75-4F94-8643-F39B90FEDD83}.Debug|Any CPU.Build.0 = Debug|Any CPU
		{F8696B19-AB75-4F94-8643-F39B90FEDD83}.Release|Any CPU.ActiveCfg = Release|Any CPU
		{F8696B19-AB75-4F94-8643-F39B90FEDD83}.Release|Any CPU.Build.0 = Release|Any CPU
	EndGlobalSection
EndGlobal
